{
  "name": "basic",
  "lockfileVersion": 3,
  "requires": true,
  "packages": {
    "": {
      "name": "basic",
      "devDependencies": {
        "baseline-browser-mapping": "^2.11.0"
      }
    },
    "node_modules/baseline-browser-mapping": {
      "version": "2.11.0",
      "resolved": "https://registry.npmjs.org/baseline-browser-mapping/-/baseline-browser-mapping-2.11.0.tgz",
      "integrity": "sha512-oCu2wfipvX3AePSgmOuKkIywOu+8n9psz7hXYmk56ghpu3+7KzNIBopaOs4c9BrtdnTtW30unG9GTfHo7EwERQ==",
      "dev": true,
      "license": "Apache-2.0",
      "bin": {
        "baseline-browser-mapping": "dist/cli.cjs"
      },
      "engines": {
        "node": ">=6.0.0"
      }
    }
  }
}
